// !$*UTF8*$!
{
	archiveVersion = 1;
	classes = {
	};
	objectVersion = 50;
	objects = {

/* Begin PBXBuildFile section */
		6FBB8BA92086195E004DFCC2 /* AppDelegate.swift in Sources */ = {isa = PBXBuildFile; fileRef = 6FBB8BA82086195E004DFCC2 /* AppDelegate.swift */; };
		6FBB8BAB2086195E004DFCC2 /* ViewController.swift in Sources */ = {isa = PBXBuildFile; fileRef = 6FBB8BAA2086195E004DFCC2 /* ViewController.swift */; };
		6FBB8BAE2086195E004DFCC2 /* Main.storyboard in Resources */ = {isa = PBXBuildFile; fileRef = 6FBB8BAC2086195E004DFCC2 /* Main.storyboard */; };
		6FBB8BB02086195F004DFCC2 /* Assets.xcassets in Resources */ = {isa = PBXBuildFile; fileRef = 6FBB8BAF2086195F004DFCC2 /* Assets.xcassets */; };
		6FBB8BB32086195F004DFCC2 /* LaunchScreen.storyboard in Resources */ = {isa = PBXBuildFile; fileRef = 6FBB8BB12086195F004DFCC2 /* LaunchScreen.storyboard */; };
		6FBB8BBB2086200A004DFCC2 /* README.md in Resources */ = {isa = PBXBuildFile; fileRef = 6FBB8BBA2086200A004DFCC2 /* README.md */; };
/* End PBXBuildFile section */

/* Begin PBXFileReference section */
		6FBB8BA52086195E004DFCC2 /* Guess The Flag.app */ = {isa = PBXFileReference; explicitFileType = wrapper.application; includeInIndex = 0; path = "Guess The Flag.app"; sourceTree = BUILT_PRODUCTS_DIR; };
		6FBB8BA82086195E004DFCC2 /* AppDelegate.swift */ = {isa = PBXFileReference; lastKnownFileType = sourcecode.swift; path = AppDelegate.swift; sourceTree = "<group>"; };
		6FBB8BAA2086195E004DFCC2 /* ViewController.swift */ = {isa = PBXFileReference; lastKnownFileType = sourcecode.swift; path = ViewController.swift; sourceTree = "<group>"; };
		6FBB8BAD2086195E004DFCC2 /* Base */ = {isa = PBXFileReference; lastKnownFileType = file.storyboard; name = Base; path = Base.lproj/Main.storyboard; sourceTree = "<group>"; };
		6FBB8BAF2086195F004DFCC2 /* Assets.xcassets */ = {isa = PBXFileReference; lastKnownFileType = folder.assetcatalog; path = Assets.xcassets; sourceTree = "<group>"; };
		6FBB8BB22086195F004DFCC2 /* Base */ = {isa = PBXFileReference; lastKnownFileType = file.storyboard; name = Base; path = Base.lproj/LaunchScreen.storyboard; sourceTree = "<group>"; };
		6FBB8BB42086195F004DFCC2 /* Info.plist */ = {isa = PBXFileReference; lastKnownFileType = text.plist.xml; path = Info.plist; sourceTree = "<group>"; };
		6FBB8BBA2086200A004DFCC2 /* README.md */ = {isa = PBXFileReference; lastKnownFileType = net.daringfireball.markdown; path = README.md; sourceTree = "<group>"; };
/* End PBXFileReference section */

/* Begin PBXFrameworksBuildPhase section */
		6FBB8BA22086195E004DFCC2 /* Frameworks */ = {
			isa = PBXFrameworksBuildPhase;
			buildActionMask = 2147483647;
			files = (
			);
			runOnlyForDeploymentPostprocessing = 0;
		};
/* End PBXFrameworksBuildPhase section */

/* Begin PBXGroup section */
		6FBB8B9C2086195E004DFCC2 = {
			isa = PBXGroup;
			children = (
				6FBB8BBA2086200A004DFCC2 /* README.md */,
				6FBB8BA72086195E004DFCC2 /* Guess The Flag */,
				6FBB8BA62086195E004DFCC2 /* Products */,
			);
			sourceTree = "<group>";
		};
		6FBB8BA62086195E004DFCC2 /* Products */ = {
			isa = PBXGroup;
			children = (
				6FBB8BA52086195E004DFCC2 /* Guess The Flag.app */,
			);
			name = Products;
			sourceTree = "<group>";
		};
		6FBB8BA72086195E004DFCC2 /* Guess The Flag */ = {
			isa = PBXGroup;
			children = (
				6FBB8BA82086195E004DFCC2 /* AppDelegate.swift */,
				6FBB8BAA2086195E004DFCC2 /* ViewController.swift */,
				6FBB8BAC2086195E004DFCC2 /* Main.storyboard */,
				6FBB8BAF2086195F004DFCC2 /* Assets.xcassets */,
				6FBB8BB12086195F004DFCC2 /* LaunchScreen.storyboard */,
				6FBB8BB42086195F004DFCC2 /* Info.plist */,
			);
			path = "Guess The Flag";
			sourceTree = "<group>";
		};
/* End PBXGroup section */

/* Begin PBXNativeTarget section */
		6FBB8BA42086195E004DFCC2 /* Guess The Flag */ = {
			isa = PBXNativeTarget;
			buildConfigurationList = 6FBB8BB72086195F004DFCC2 /* Build configuration list for PBXNativeTarget "Guess The Flag" */;
			buildPhases = (
				6FBB8BA12086195E004DFCC2 /* Sources */,
				6FBB8BA22086195E004DFCC2 /* Frameworks */,
				6FBB8BA32086195E004DFCC2 /* Resources */,
			);
			buildRules = (
			);
			dependencies = (
			);
			name = "Guess The Flag";
			productName = "Guess The Flag";
			productReference = 6FBB8BA52086195E004DFCC2 /* Guess The Flag.app */;
			productType = "com.apple.product-type.application";
		};
/* End PBXNativeTarget section */

/* Begin PBXProject section */
		6FBB8B9D2086195E004DFCC2 /* Project object */ = {
			isa = PBXProject;
			attributes = {
				LastSwiftUpdateCheck = 0930;
				LastUpgradeCheck = 0930;
				ORGANIZATIONNAME = "Forrest Parker";
				TargetAttributes = {
					6FBB8BA42086195E004DFCC2 = {
						CreatedOnToolsVersion = 9.3;
					};
				};
			};
			buildConfigurationList = 6FBB8BA02086195E004DFCC2 /* Build configuration list for PBXProject "Guess The Flag" */;
			compatibilityVersion = "Xcode 9.3";
			developmentRegion = en;
			hasScannedForEncodings = 0;
			knownRegions = (
				en,
				Base,
			);
			mainGroup = 6FBB8B9C2086195E004DFCC2;
			productRefGroup = 6FBB8BA62086195E004DFCC2 /* Products */;
			projectDirPath = "";
			projectRoot = "";
			targets = (
				6FBB8BA42086195E004DFCC2 /* Guess The Flag */,
			);
		};
/* End PBXProject section */

/* Begin PBXResourcesBuildPhase section */
		6FBB8BA32086195E004DFCC2 /* Resources */ = {
			isa = PBXResourcesBuildPhase;
			buildActionMask = 2147483647;
			files = (
				6FBB8BB32086195F004DFCC2 /* LaunchScreen.storyboard in Resources */,
				6FBB8BB02086195F004DFCC2 /* Assets.xcassets in Resources */,
				6FBB8BBB2086200A004DFCC2 /* README.md in Resources */,
				6FBB8BAE2086195E004DFCC2 /* Main.storyboard in Resources */,
			);
			runOnlyForDeploymentPostprocessing = 0;
		};
/* End PBXResourcesBuildPhase section */

/* Begin PBXSourcesBuildPhase section */
		6FBB8BA12086195E004DFCC2 /* Sources */ = {
			isa = PBXSourcesBuildPhase;
			buildActionMask = 2147483647;
			files = (
				6FBB8BAB2086195E004DFCC2 /* ViewController.swift in Sources */,
				6FBB8BA92086195E004DFCC2 /* AppDelegate.swift in Sources */,
			);
			runOnlyForDeploymentPostprocessing = 0;
		};
/* End PBXSourcesBuildPhase section */

/* Begin PBXVariantGroup section */
		6FBB8BAC2086195E004DFCC2 /* Main.storyboard */ = {
			isa = PBXVariantGroup;
			children = (
				6FBB8BAD2086195E004DFCC2 /* Base */,
			);
			name = Main.storyboard;
			sourceTree = "<group>";
		};
		6FBB8BB12086195F004DFCC2 /* LaunchScreen.storyboard */ = {
			isa = PBXVariantGroup;
			children = (
				6FBB8BB22086195F004DFCC2 /* Base */,
			);
			name = LaunchScreen.storyboard;
			sourceTree = "<group>";
		};
/* End PBXVariantGroup section */

/* Begin XCBuildConfiguration section */
		6FBB8BB52086195F004DFCC2 /* Debug */ = {
			isa = XCBuildConfiguration;
			buildSettings = {
				ALWAYS_SEARCH_USER_PATHS = NO;
				CLANG_ANALYZER_NONNULL = YES;
				CLANG_ANALYZER_NUMBER_OBJECT_CONVERSION = YES_AGGRESSIVE;
				CLANG_CXX_LANGUAGE_STANDARD = "gnu++14";
				CLANG_CXX_LIBRARY = "libc++";
				CLANG_ENABLE_MODULES = YES;
				CLANG_ENABLE_OBJC_ARC = YES;
				CLANG_ENABLE_OBJC_WEAK = YES;
				CLANG_WARN_BLOCK_CAPTURE_AUTORELEASING = YES;
				CLANG_WARN_BOOL_CONVERSION = YES;
				CLANG_WARN_COMMA = YES;
				CLANG_WARN_CONSTANT_CONVERSION = YES;
				CLANG_WARN_DEPRECATED_OBJC_IMPLEMENTATIONS = YES;
				CLANG_WARN_DIRECT_OBJC_ISA_USAGE = YES_ERROR;
				CLANG_WARN_DOCUMENTATION_COMMENTS = YES;
				CLANG_WARN_EMPTY_BODY = YES;
				CLANG_WARN_ENUM_CONVERSION = YES;
				CLANG_WARN_INFINITE_RECURSION = YES;
				CLANG_WARN_INT_CONVERSION = YES;
				CLANG_WARN_NON_LITERAL_NULL_CONVERSION = YES;
				CLANG_WARN_OBJC_IMPLICIT_RETAIN_SELF = YES;
				CLANG_WARN_OBJC_LITERAL_CONVERSION = YES;
				CLANG_WARN_OBJC_ROOT_CLASS = YES_ERROR;
				CLANG_WARN_RANGE_LOOP_ANALYSIS = YES;
				CLANG_WARN_STRICT_PROTOTYPES = YES;
				CLANG_WARN_SUSPICIOUS_MOVE = YES;
				CLANG_WARN_UNGUARDED_AVAILABILITY = YES_AGGRESSIVE;
				CLANG_WARN_UNREACHABLE_CODE = YES;
				CLANG_WARN__DUPLICATE_METHOD_MATCH = YES;
				CODE_SIGN_IDENTITY = "iPhone Developer";
				COPY_PHASE_STRIP = NO;
				DEBUG_INFORMATION_FORMAT = dwarf;
				ENABLE_STRICT_OBJC_MSGSEND = YES;
				ENABLE_TESTABILITY = YES;
				GCC_C_LANGUAGE_STANDARD = gnu11;
				GCC_DYNAMIC_NO_PIC = NO;
				GCC_NO_COMMON_BLOCKS = YES;
				GCC_OPTIMIZATION_LEVEL = 0;
				GCC_PREPROCESSOR_DEFINITIONS = (
					"DEBUG=1",
					"$(inherited)",
				);
				GCC_WARN_64_TO_32_BIT_CONVERSION = YES;
				GCC_WARN_ABOUT_RETURN_TYPE = YES_ERROR;
				GCC_WARN_UNDECLARED_SELECTOR = YES;
				GCC_WARN_UNINITIALIZED_AUTOS = YES_AGGRESSIVE;
				GCC_WARN_UNUSED_FUNCTION = YES;
				GCC_WARN_UNUSED_VARIABLE = YES;
				IPHONEOS_DEPLOYMENT_TARGET = 11.3;
				MTL_ENABLE_DEBUG_INFO = YES;
				ONLY_ACTIVE_ARCH = YES;
				SDKROOT = iphoneos;
				SWIFT_ACTIVE_COMPILATION_CONDITIONS = DEBUG;
				SWIFT_OPTIMIZATION_LEVEL = "-Onone";
			};
			name = Debug;
		};
		6FBB8BB62086195F004DFCC2 /* Release */ = {
			isa = XCBuildConfiguration;
			buildSettings = {
				ALWAYS_SEARCH_USER_PATHS = NO;
				CLANG_ANALYZER_NONNULL = YES;
				CLANG_ANALYZER_NUMBER_OBJECT_CONVERSION = YES_AGGRESSIVE;
				CLANG_CXX_LANGUAGE_STANDARD = "gnu++14";
				CLANG_CXX_LIBRARY = "libc++";
				CLANG_ENABLE_MODULES = YES;
				CLANG_ENABLE_OBJC_ARC = YES;
				CLANG_ENABLE_OBJC_WEAK = YES;
				CLANG_WARN_BLOCK_CAPTURE_AUTORELEASING = YES;
				CLANG_WARN_BOOL_CONVERSION = YES;
				CLANG_WARN_COMMA = YES;
				CLANG_WARN_CONSTANT_CONVERSION = YES;
				CLANG_WARN_DEPRECATED_OBJC_IMPLEMENTATIONS = YES;
				CLANG_WARN_DIRECT_OBJC_ISA_USAGE = YES_ERROR;
				CLANG_WARN_DOCUMENTATION_COMMENTS = YES;
				CLANG_WARN_EMPTY_BODY = YES;
				CLANG_WARN_ENUM_CONVERSION = YES;
				CLANG_WARN_INFINITE_RECURSION = YES;
				CLANG_WARN_INT_CONVERSION = YES;
				CLANG_WARN_NON_LITERAL_NULL_CONVERSION = YES;
				CLANG_WARN_OBJC_IMPLICIT_RETAIN_SELF = YES;
				CLANG_WARN_OBJC_LITERAL_CONVERSION = YES;
				CLANG_WARN_OBJC_ROOT_CLASS = YES_ERROR;
				CLANG_WARN_RANGE_LOOP_ANALYSIS = YES;
				CLANG_WARN_STRICT_PROTOTYPES = YES;
				CLANG_WARN_SUSPICIOUS_MOVE = YES;
				CLANG_WARN_UNGUARDED_AVAILABILITY = YES_AGGRESSIVE;
				CLANG_WARN_UNREACHABLE_CODE = YES;
				CLANG_WARN__DUPLICATE_METHOD_MATCH = YES;
				CODE_SIGN_IDENTITY = "iPhone Developer";
				COPY_PHASE_STRIP = NO;
				DEBUG_INFORMATION_FORMAT = "dwarf-with-dsym";
				ENABLE_NS_ASSERTIONS = NO;
				ENABLE_STRICT_OBJC_MSGSEND = YES;
				GCC_C_LANGUAGE_STANDARD = gnu11;
				GCC_NO_COMMON_BLOCKS = YES;
				GCC_WARN_64_TO_32_BIT_CONVERSION = YES;
				GCC_WARN_ABOUT_RETURN_TYPE = YES_ERROR;
				GCC_WARN_UNDECLARED_SELECTOR = YES;
				GCC_WARN_UNINITIALIZED_AUTOS = YES_AGGRESSIVE;
				GCC_WARN_UNUSED_FUNCTION = YES;
				GCC_WARN_UNUSED_VARIABLE = YES;
				IPHONEOS_DEPLOYMENT_TARGET = 11.3;
				MTL_ENABLE_DEBUG_INFO = NO;
				SDKROOT = iphoneos;
				SWIFT_COMPILATION_MODE = wholemodule;
				SWIFT_OPTIMIZATION_LEVEL = "-O";
				VALIDATE_PRODUCT = YES;
			};
			name = Release;
		};
		6FBB8BB82086195F004DFCC2 /* Debug */ = {
			isa = XCBuildConfiguration;
			buildSettings = {
				ASSETCATALOG_COMPILER_APPICON_NAME = AppIcon;
				CODE_SIGN_STYLE = Automatic;
				DEVELOPMENT_TEAM = 9JK6DF95Y7;
				INFOPLIST_FILE = "Guess The Flag/Info.plist";
				LD_RUNPATH_SEARCH_PATHS = (
					"$(inherited)",
					"@executable_path/Frameworks",
				);
				PRODUCT_BUNDLE_IDENTIFIER = "com.forrestwparker.Guess-The-Flag";
				PRODUCT_NAME = "$(TARGET_NAME)";
				SWIFT_VERSION = 4.0;
				TARGETED_DEVICE_FAMILY = "1,2";
			};
			name = Debug;
		};
		6FBB8BB92086195F004DFCC2 /* Release */ = {
			isa = XCBuildConfiguration;
			buildSettings = {
				ASSETCATALOG_COMPILER_APPICON_NAME = AppIcon;
				CODE_SIGN_STYLE = Automatic;
				DEVELOPMENT_TEAM = 9JK6DF95Y7;
				INFOPLIST_FILE = "Guess The Flag/Info.plist";
				LD_RUNPATH_SEARCH_PATHS = (
					"$(inherited)",
					"@executable_path/Frameworks",
				);
				PRODUCT_BUNDLE_IDENTIFIER = "com.forrestwparker.Guess-The-Flag";
				PRODUCT_NAME = "$(TARGET_NAME)";
				SWIFT_VERSION = 4.0;
				TARGETED_DEVICE_FAMILY = "1,2";
			};
			name = Release;
		};
/* End XCBuildConfiguration section */

/* Begin XCConfigurationList section */
		6FBB8BA02086195E004DFCC2 /* Build configuration list for PBXProject "Guess The Flag" */ = {
			isa = XCConfigurationList;
			buildConfigurations = (
				6FBB8BB52086195F004DFCC2 /* Debug */,
				6FBB8BB62086195F004DFCC2 /* Release */,
			);
			defaultConfigurationIsVisible = 0;
			defaultConfigurationName = Release;
		};
		6FBB8BB72086195F004DFCC2 /* Build configuration list for PBXNativeTarget "Guess The Flag" */ = {
			isa = XCConfigurationList;
			buildConfigurations = (
				6FBB8BB82086195F004DFCC2 /* Debug */,
				6FBB8BB92086195F004DFCC2 /* Release */,
			);
			defaultConfigurationIsVisible = 0;
			defaultConfigurationName = Release;
		};
/* End XCConfigurationList section */
	};
	rootObject = 6FBB8B9D2086195E004DFCC2 /* Project object */;
}
